{
  "version": 4,
  "terraform_version": "1.0.0",
  "serial": 10,
  "lineage": "469e8f09-7897-275e-2600-1bdbcd6f02c9",
  "outputs": {},
  "resources": [
    {
      "module": "module.kube_cluster",
      "mode": "managed",
      "type": "google_container_cluster",
      "name": "primary",
      "provider": "provider[\"registry.terraform.io/hashicorp/google\"]",
      "instances": [
        {
          "status": "tainted",
          "schema_version": 1,
          "attributes": {
            "addons_config": null,
            "authenticator_groups_config": null,
            "cluster_autoscaling": null,
            "cluster_ipv4_cidr": null,
            "database_encryption": null,
            "datapath_provider": null,
            "default_max_pods_per_node": null,
            "default_snat_status": null,
            "description": null,
            "enable_autopilot": null,
            "enable_binary_authorization": false,
            "enable_intranode_visibility": null,
            "enable_kubernetes_alpha": false,
            "enable_legacy_abac": false,
            "enable_shielded_nodes": null,
            "enable_tpu": null,
            "endpoint": null,
            "id": "projects/dev-sre-335217/locations/us-central1/clusters/dev-sre-cluster",
            "initial_node_count": 1,
            "instance_group_urls": null,
            "ip_allocation_policy": null,
            "label_fingerprint": null,
            "location": "us-central1",
            "logging_service": null,
            "maintenance_policy": [],
            "master_auth": null,
            "master_authorized_networks_config": [],
            "master_version": null,
            "min_master_version": null,
            "monitoring_service": null,
            "name": "dev-sre-cluster",
            "network": "dev-sre-vpc",
            "network_policy": null,
            "networking_mode": null,
            "node_config": null,
            "node_locations": [],
            "node_pool": null,
            "node_version": null,
            "operation": null,
            "pod_security_policy_config": [],
            "private_cluster_config": [],
            "private_ipv6_google_access": null,
            "project": null,
            "release_channel": null,
            "remove_default_node_pool": true,
            "resource_labels": null,
            "resource_usage_export_config": [],
            "self_link": null,
            "services_ipv4_cidr": null,
            "subnetwork": null,
            "timeouts": null,
            "tpu_ipv4_cidr_block": null,
            "vertical_pod_autoscaling": [],
            "workload_identity_config": null
          },
          "sensitive_attributes": [],
          "private": "eyJlMmJmYjczMC1lY2FhLTExZTYtOGY4OC0zNDM2M2JjN2M0YzAiOnsiY3JlYXRlIjoyNDAwMDAwMDAwMDAwLCJkZWxldGUiOjI0MDAwMDAwMDAwMDAsInJlYWQiOjI0MDAwMDAwMDAwMDAsInVwZGF0ZSI6MzYwMDAwMDAwMDAwMH0sInNjaGVtYV92ZXJzaW9uIjoiMSJ9",
          "dependencies": [
            "module.vpc-network.google_compute_network.vpc_network"
          ]
        }
      ]
    },
    {
      "module": "module.kube_cluster",
      "mode": "managed",
      "type": "google_container_node_pool",
      "name": "primary_preemptible_nodes",
      "provider": "provider[\"registry.terraform.io/hashicorp/google\"]",
      "instances": []
    },
    {
      "module": "module.vpc-network",
      "mode": "managed",
      "type": "google_compute_network",
      "name": "vpc_network",
      "provider": "provider[\"registry.terraform.io/hashicorp/google\"]",
      "instances": [
        {
          "schema_version": 0,
          "attributes": {
            "auto_create_subnetworks": true,
            "delete_default_routes_on_create": false,
            "description": "",
            "gateway_ipv4": "",
            "id": "projects/dev-sre-335217/global/networks/dev-sre-vpc",
            "mtu": 0,
            "name": "dev-sre-vpc",
            "project": "dev-sre-335217",
            "routing_mode": "REGIONAL",
            "self_link": "https://www.googleapis.com/compute/v1/projects/dev-sre-335217/global/networks/dev-sre-vpc",
            "timeouts": null
          },
          "sensitive_attributes": [],
          "private": "eyJlMmJmYjczMC1lY2FhLTExZTYtOGY4OC0zNDM2M2JjN2M0YzAiOnsiY3JlYXRlIjoyNDAwMDAwMDAwMDAsImRlbGV0ZSI6MjQwMDAwMDAwMDAwLCJ1cGRhdGUiOjI0MDAwMDAwMDAwMH19"
        }
      ]
    }
  ]
}
